Microsoft Visual Studio Solution File, Format Version 12.00
# Visual Studio Version 17
VisualStudioVersion = 17.5.2.0
MinimumVisualStudioVersion = 10.0.40219.1
Project("{2150E333-8FDC-42A3-9474-1A3956D46DE8}") = "lista_02", "lista_02", "{B1890F10-6574-1217-7317-D076D3EC4AEB}"
EndProject
Project("{FAE04EC0-301F-11D3-BF4B-00C04F79EFBC}") = "ExemploAula", "lista_02\ExemploAula\ExemploAula.csproj", "{3837D6BF-E3F4-6BB6-BAD3-5152DA72C9F4}"
EndProject
Global
	GlobalSection(SolutionConfigurationPlatforms) = preSolution
		Debug|Any CPU = Debug|Any CPU
		Release|Any CPU = Release|Any CPU
	EndGlobalSection
	GlobalSection(ProjectConfigurationPlatforms) = postSolution
		{3837D6BF-E3F4-6BB6-BAD3-5152DA72C9F4}.Debug|Any CPU.ActiveCfg = Debug|Any CPU
		{3837D6BF-E3F4-6BB6-BAD3-5152DA72C9F4}.Debug|Any CPU.Build.0 = Debug|Any CPU
		{3837D6BF-E3F4-6BB6-BAD3-5152DA72C9F4}.Release|Any CPU.ActiveCfg = Release|Any CPU
		{3837D6BF-E3F4-6BB6-BAD3-5152DA72C9F4}.Release|Any CPU.Build.0 = Release|Any CPU
	EndGlobalSection
	GlobalSection(SolutionProperties) = preSolution
		HideSolutionNode = FALSE
	EndGlobalSection
	GlobalSection(NestedProjects) = preSolution
		{3837D6BF-E3F4-6BB6-BAD3-5152DA72C9F4} = {B1890F10-6574-1217-7317-D076D3EC4AEB}
	EndGlobalSection
	GlobalSection(ExtensibilityGlobals) = postSolution
		SolutionGuid = {F85D9B6A-EB21-4AD0-BE71-5BBA138BD1A2}
	EndGlobalSection
EndGlobal
